// !$*UTF8*$!
{
	archiveVersion = 1;
	classes = {
	};
	objectVersion = 77;
	objects = {

/* Begin PBXContainerItemProxy section */
		AF17E4F92DB9D7F30009DDCA /* PBXContainerItemProxy */ = {
			isa = PBXContainerItemProxy;
			containerPortal = AF17E4E02DB9D7F00009DDCA /* Project object */;
			proxyType = 1;
			remoteGlobalIDString = AF17E4E72DB9D7F00009DDCA;
			remoteInfo = AcessivelSoma;
		};
		AF17E5032DB9D7F30009DDCA /* PBXContainerItemProxy */ = {
			isa = PBXContainerItemProxy;
			containerPortal = AF17E4E02DB9D7F00009DDCA /* Project object */;
			proxyType = 1;
			remoteGlobalIDString = AF17E4E72DB9D7F00009DDCA;
			remoteInfo = AcessivelSoma;
		};
/* End PBXContainerItemProxy section */

/* Begin PBXFileReference section */
		AF17E4E82DB9D7F00009DDCA /* AcessivelSoma.app */ = {isa = PBXFileReference; explicitFileType = wrapper.application; includeInIndex = 0; path = AcessivelSoma.app; sourceTree = BUILT_PRODUCTS_DIR; };
		AF17E4F82DB9D7F30009DDCA /* AcessivelSomaTests.xctest */ = {isa = PBXFileReference; explicitFileType = wrapper.cfbundle; includeInIndex = 0; path = AcessivelSomaTests.xctest; sourceTree = BUILT_PRODUCTS_DIR; };
		AF17E5022DB9D7F30009DDCA /* AcessivelSomaUITests.xctest */ = {isa = PBXFileReference; explicitFileType = wrapper.cfbundle; includeInIndex = 0; path = AcessivelSomaUITests.xctest; sourceTree = BUILT_PRODUCTS_DIR; };
/* End PBXFileReference section */

/* Begin PBXFileSystemSynchronizedRootGroup section */
		AF17E4EA2DB9D7F00009DDCA /* AcessivelSoma */ = {
			isa = PBXFileSystemSynchronizedRootGroup;
			path = AcessivelSoma;
			sourceTree = "<group>";
		};
		AF17E4FB2DB9D7F30009DDCA /* AcessivelSomaTests */ = {
			isa = PBXFileSystemSynchronizedRootGroup;
			path = AcessivelSomaTests;
			sourceTree = "<group>";
		};
		AF17E5052DB9D7F30009DDCA /* AcessivelSomaUITests */ = {
			isa = PBXFileSystemSynchronizedRootGroup;
			path = AcessivelSomaUITests;
			sourceTree = "<group>";
		};
/* End PBXFileSystemSynchronizedRootGroup section */

/* Begin PBXFrameworksBuildPhase section */
		AF17E4E52DB9D7F00009DDCA /* Frameworks */ = {
			isa = PBXFrameworksBuildPhase;
			buildActionMask = 2147483647;
			files = (
			);
			runOnlyForDeploymentPostprocessing = 0;
		};
		AF17E4F52DB9D7F30009DDCA /* Frameworks */ = {
			isa = PBXFrameworksBuildPhase;
			buildActionMask = 2147483647;
			files = (
			);
			runOnlyForDeploymentPostprocessing = 0;
		};
		AF17E4FF2DB9D7F30009DDCA /* Frameworks */ = {
			isa = PBXFrameworksBuildPhase;
			buildActionMask = 2147483647;
			files = (
			);
			runOnlyForDeploymentPostprocessing = 0;
		};
/* End PBXFrameworksBuildPhase section */

/* Begin PBXGroup section */
		AF17E4DF2DB9D7F00009DDCA = {
			isa = PBXGroup;
			children = (
				AF17E4EA2DB9D7F00009DDCA /* AcessivelSoma */,
				AF17E4FB2DB9D7F30009DDCA /* AcessivelSomaTests */,
				AF17E5052DB9D7F30009DDCA /* AcessivelSomaUITests */,
				AF17E4E92DB9D7F00009DDCA /* Products */,
			);
			sourceTree = "<group>";
		};
		AF17E4E92DB9D7F00009DDCA /* Products */ = {
			isa = PBXGroup;
			children = (
				AF17E4E82DB9D7F00009DDCA /* AcessivelSoma.app */,
				AF17E4F82DB9D7F30009DDCA /* AcessivelSomaTests.xctest */,
				AF17E5022DB9D7F30009DDCA /* AcessivelSomaUITests.xctest */,
			);
			name = Products;
			sourceTree = "<group>";
		};
/* End PBXGroup section */

/* Begin PBXNativeTarget section */
		AF17E4E72DB9D7F00009DDCA /* AcessivelSoma */ = {
			isa = PBXNativeTarget;
			buildConfigurationList = AF17E50C2DB9D7F30009DDCA /* Build configuration list for PBXNativeTarget "AcessivelSoma" */;
			buildPhases = (
				AF17E4E42DB9D7F00009DDCA /* Sources */,
				AF17E4E52DB9D7F00009DDCA /* Frameworks */,
				AF17E4E62DB9D7F00009DDCA /* Resources */,
			);
			buildRules = (
			);
			dependencies = (
			);
			fileSystemSynchronizedGroups = (
				AF17E4EA2DB9D7F00009DDCA /* AcessivelSoma */,
			);
			name = AcessivelSoma;
			packageProductDependencies = (
			);
			productName = AcessivelSoma;
			productReference = AF17E4E82DB9D7F00009DDCA /* AcessivelSoma.app */;
			productType = "com.apple.product-type.application";
		};
		AF17E4F72DB9D7F30009DDCA /* AcessivelSomaTests */ = {
			isa = PBXNativeTarget;
			buildConfigurationList = AF17E50F2DB9D7F30009DDCA /* Build configuration list for PBXNativeTarget "AcessivelSomaTests" */;
			buildPhases = (
				AF17E4F42DB9D7F30009DDCA /* Sources */,
				AF17E4F52DB9D7F30009DDCA /* Frameworks */,
				AF17E4F62DB9D7F30009DDCA /* Resources */,
			);
			buildRules = (
			);
			dependencies = (
				AF17E4FA2DB9D7F30009DDCA /* PBXTargetDependency */,
			);
			fileSystemSynchronizedGroups = (
				AF17E4FB2DB9D7F30009DDCA /* AcessivelSomaTests */,
			);
			name = AcessivelSomaTests;
			packageProductDependencies = (
			);
			productName = AcessivelSomaTests;
			productReference = AF17E4F82DB9D7F30009DDCA /* AcessivelSomaTests.xctest */;
			productType = "com.apple.product-type.bundle.unit-test";
		};
		AF17E5012DB9D7F30009DDCA /* AcessivelSomaUITests */ = {
			isa = PBXNativeTarget;
			buildConfigurationList = AF17E5122DB9D7F30009DDCA /* Build configuration list for PBXNativeTarget "AcessivelSomaUITests" */;
			buildPhases = (
				AF17E4FE2DB9D7F30009DDCA /* Sources */,
				AF17E4FF2DB9D7F30009DDCA /* Frameworks */,
				AF17E5002DB9D7F30009DDCA /* Resources */,
			);
			buildRules = (
			);
			dependencies = (
				AF17E5042DB9D7F30009DDCA /* PBXTargetDependency */,
			);
			fileSystemSynchronizedGroups = (
				AF17E5052DB9D7F30009DDCA /* AcessivelSomaUITests */,
			);
			name = AcessivelSomaUITests;
			packageProductDependencies = (
			);
			productName = AcessivelSomaUITests;
			productReference = AF17E5022DB9D7F30009DDCA /* AcessivelSomaUITests.xctest */;
			productType = "com.apple.product-type.bundle.ui-testing";
		};
/* End PBXNativeTarget section */

/* Begin PBXProject section */
		AF17E4E02DB9D7F00009DDCA /* Project object */ = {
			isa = PBXProject;
			attributes = {
				BuildIndependentTargetsInParallel = 1;
				LastSwiftUpdateCheck = 1620;
				LastUpgradeCheck = 1620;
				TargetAttributes = {
					AF17E4E72DB9D7F00009DDCA = {
						CreatedOnToolsVersion = 16.2;
					};
					AF17E4F72DB9D7F30009DDCA = {
						CreatedOnToolsVersion = 16.2;
						TestTargetID = AF17E4E72DB9D7F00009DDCA;
					};
					AF17E5012DB9D7F30009DDCA = {
						CreatedOnToolsVersion = 16.2;
						TestTargetID = AF17E4E72DB9D7F00009DDCA;
					};
				};
			};
			buildConfigurationList = AF17E4E32DB9D7F00009DDCA /* Build configuration list for PBXProject "AcessivelSoma" */;
			developmentRegion = en;
			hasScannedForEncodings = 0;
			knownRegions = (
				en,
				Base,
			);
			mainGroup = AF17E4DF2DB9D7F00009DDCA;
			minimizedProjectReferenceProxies = 1;
			preferredProjectObjectVersion = 77;
			productRefGroup = AF17E4E92DB9D7F00009DDCA /* Products */;
			projectDirPath = "";
			projectRoot = "";
			targets = (
				AF17E4E72DB9D7F00009DDCA /* AcessivelSoma */,
				AF17E4F72DB9D7F30009DDCA /* AcessivelSomaTests */,
				AF17E5012DB9D7F30009DDCA /* AcessivelSomaUITests */,
			);
		};
/* End PBXProject section */

/* Begin PBXResourcesBuildPhase section */
		AF17E4E62DB9D7F00009DDCA /* Resources */ = {
			isa = PBXResourcesBuildPhase;
			buildActionMask = 2147483647;
			files = (
			);
			runOnlyForDeploymentPostprocessing = 0;
		};
		AF17E4F62DB9D7F30009DDCA /* Resources */ = {
			isa = PBXResourcesBuildPhase;
			buildActionMask = 2147483647;
			files = (
			);
			runOnlyForDeploymentPostprocessing = 0;
		};
		AF17E5002DB9D7F30009DDCA /* Resources */ = {
			isa = PBXResourcesBuildPhase;
			buildActionMask = 2147483647;
			files = (
			);
			runOnlyForDeploymentPostprocessing = 0;
		};
/* End PBXResourcesBuildPhase section */

/* Begin PBXSourcesBuildPhase section */
		AF17E4E42DB9D7F00009DDCA /* Sources */ = {
			isa = PBXSourcesBuildPhase;
			buildActionMask = 2147483647;
			files = (
			);
			runOnlyForDeploymentPostprocessing = 0;
		};
		AF17E4F42DB9D7F30009DDCA /* Sources */ = {
			isa = PBXSourcesBuildPhase;
			buildActionMask = 2147483647;
			files = (
			);
			runOnlyForDeploymentPostprocessing = 0;
		};
		AF17E4FE2DB9D7F30009DDCA /* Sources */ = {
			isa = PBXSourcesBuildPhase;
			buildActionMask = 2147483647;
			files = (
			);
			runOnlyForDeploymentPostprocessing = 0;
		};
/* End PBXSourcesBuildPhase section */

/* Begin PBXTargetDependency section */
		AF17E4FA2DB9D7F30009DDCA /* PBXTargetDependency */ = {
			isa = PBXTargetDependency;
			target = AF17E4E72DB9D7F00009DDCA /* AcessivelSoma */;
			targetProxy = AF17E4F92DB9D7F30009DDCA /* PBXContainerItemProxy */;
		};
		AF17E5042DB9D7F30009DDCA /* PBXTargetDependency */ = {
			isa = PBXTargetDependency;
			target = AF17E4E72DB9D7F00009DDCA /* AcessivelSoma */;
			targetProxy = AF17E5032DB9D7F30009DDCA /* PBXContainerItemProxy */;
		};
/* End PBXTargetDependency section */

/* Begin XCBuildConfiguration section */
		AF17E50A2DB9D7F30009DDCA /* Debug */ = {
			isa = XCBuildConfiguration;
			buildSettings = {
				ALWAYS_SEARCH_USER_PATHS = NO;
				ASSETCATALOG_COMPILER_GENERATE_SWIFT_ASSET_SYMBOL_EXTENSIONS = YES;
				CLANG_ANALYZER_NONNULL = YES;
				CLANG_ANALYZER_NUMBER_OBJECT_CONVERSION = YES_AGGRESSIVE;
				CLANG_CXX_LANGUAGE_STANDARD = "gnu++20";
				CLANG_ENABLE_MODULES = YES;
				CLANG_ENABLE_OBJC_ARC = YES;
				CLANG_ENABLE_OBJC_WEAK = YES;
				CLANG_WARN_BLOCK_CAPTURE_AUTORELEASING = YES;
				CLANG_WARN_BOOL_CONVERSION = YES;
				CLANG_WARN_COMMA = YES;
				CLANG_WARN_CONSTANT_CONVERSION = YES;
				CLANG_WARN_DEPRECATED_OBJC_IMPLEMENTATIONS = YES;
				CLANG_WARN_DIRECT_OBJC_ISA_USAGE = YES_ERROR;
				CLANG_WARN_DOCUMENTATION_COMMENTS = YES;
				CLANG_WARN_EMPTY_BODY = YES;
				CLANG_WARN_ENUM_CONVERSION = YES;
				CLANG_WARN_INFINITE_RECURSION = YES;
				CLANG_WARN_INT_CONVERSION = YES;
				CLANG_WARN_NON_LITERAL_NULL_CONVERSION = YES;
				CLANG_WARN_OBJC_IMPLICIT_RETAIN_SELF = YES;
				CLANG_WARN_OBJC_LITERAL_CONVERSION = YES;
				CLANG_WARN_OBJC_ROOT_CLASS = YES_ERROR;
				CLANG_WARN_QUOTED_INCLUDE_IN_FRAMEWORK_HEADER = YES;
				CLANG_WARN_RANGE_LOOP_ANALYSIS = YES;
				CLANG_WARN_STRICT_PROTOTYPES = YES;
				CLANG_WARN_SUSPICIOUS_MOVE = YES;
				CLANG_WARN_UNGUARDED_AVAILABILITY = YES_AGGRESSIVE;
				CLANG_WARN_UNREACHABLE_CODE = YES;
				CLANG_WARN__DUPLICATE_METHOD_MATCH = YES;
				COPY_PHASE_STRIP = NO;
				DEBUG_INFORMATION_FORMAT = dwarf;
				ENABLE_STRICT_OBJC_MSGSEND = YES;
				ENABLE_TESTABILITY = YES;
				ENABLE_USER_SCRIPT_SANDBOXING = YES;
				GCC_C_LANGUAGE_STANDARD = gnu17;
				GCC_DYNAMIC_NO_PIC = NO;
				GCC_NO_COMMON_BLOCKS = YES;
				GCC_OPTIMIZATION_LEVEL = 0;
				GCC_PREPROCESSOR_DEFINITIONS = (
					"DEBUG=1",
					"$(inherited)",
				);
				GCC_WARN_64_TO_32_BIT_CONVERSION = YES;
				GCC_WARN_ABOUT_RETURN_TYPE = YES_ERROR;
				GCC_WARN_UNDECLARED_SELECTOR = YES;
				GCC_WARN_UNINITIALIZED_AUTOS = YES_AGGRESSIVE;
				GCC_WARN_UNUSED_FUNCTION = YES;
				GCC_WARN_UNUSED_VARIABLE = YES;
				IPHONEOS_DEPLOYMENT_TARGET = 18.2;
				LOCALIZATION_PREFERS_STRING_CATALOGS = YES;
				MTL_ENABLE_DEBUG_INFO = INCLUDE_SOURCE;
				MTL_FAST_MATH = YES;
				ONLY_ACTIVE_ARCH = YES;
				SDKROOT = iphoneos;
				SWIFT_ACTIVE_COMPILATION_CONDITIONS = "DEBUG $(inherited)";
				SWIFT_OPTIMIZATION_LEVEL = "-Onone";
			};
			name = Debug;
		};
		AF17E50B2DB9D7F30009DDCA /* Release */ = {
			isa = XCBuildConfiguration;
			buildSettings = {
				ALWAYS_SEARCH_USER_PATHS = NO;
				ASSETCATALOG_COMPILER_GENERATE_SWIFT_ASSET_SYMBOL_EXTENSIONS = YES;
				CLANG_ANALYZER_NONNULL = YES;
				CLANG_ANALYZER_NUMBER_OBJECT_CONVERSION = YES_AGGRESSIVE;
				CLANG_CXX_LANGUAGE_STANDARD = "gnu++20";
				CLANG_ENABLE_MODULES = YES;
				CLANG_ENABLE_OBJC_ARC = YES;
				CLANG_ENABLE_OBJC_WEAK = YES;
				CLANG_WARN_BLOCK_CAPTURE_AUTORELEASING = YES;
				CLANG_WARN_BOOL_CONVERSION = YES;
				CLANG_WARN_COMMA = YES;
				CLANG_WARN_CONSTANT_CONVERSION = YES;
				CLANG_WARN_DEPRECATED_OBJC_IMPLEMENTATIONS = YES;
				CLANG_WARN_DIRECT_OBJC_ISA_USAGE = YES_ERROR;
				CLANG_WARN_DOCUMENTATION_COMMENTS = YES;
				CLANG_WARN_EMPTY_BODY = YES;
				CLANG_WARN_ENUM_CONVERSION = YES;
				CLANG_WARN_INFINITE_RECURSION = YES;
				CLANG_WARN_INT_CONVERSION = YES;
				CLANG_WARN_NON_LITERAL_NULL_CONVERSION = YES;
				CLANG_WARN_OBJC_IMPLICIT_RETAIN_SELF = YES;
				CLANG_WARN_OBJC_LITERAL_CONVERSION = YES;
				CLANG_WARN_OBJC_ROOT_CLASS = YES_ERROR;
				CLANG_WARN_QUOTED_INCLUDE_IN_FRAMEWORK_HEADER = YES;
				CLANG_WARN_RANGE_LOOP_ANALYSIS = YES;
				CLANG_WARN_STRICT_PROTOTYPES = YES;
				CLANG_WARN_SUSPICIOUS_MOVE = YES;
				CLANG_WARN_UNGUARDED_AVAILABILITY = YES_AGGRESSIVE;
				CLANG_WARN_UNREACHABLE_CODE = YES;
				CLANG_WARN__DUPLICATE_METHOD_MATCH = YES;
				COPY_PHASE_STRIP = NO;
				DEBUG_INFORMATION_FORMAT = "dwarf-with-dsym";
				ENABLE_NS_ASSERTIONS = NO;
				ENABLE_STRICT_OBJC_MSGSEND = YES;
				ENABLE_USER_SCRIPT_SANDBOXING = YES;
				GCC_C_LANGUAGE_STANDARD = gnu17;
				GCC_NO_COMMON_BLOCKS = YES;
				GCC_WARN_64_TO_32_BIT_CONVERSION = YES;
				GCC_WARN_ABOUT_RETURN_TYPE = YES_ERROR;
				GCC_WARN_UNDECLARED_SELECTOR = YES;
				GCC_WARN_UNINITIALIZED_AUTOS = YES_AGGRESSIVE;
				GCC_WARN_UNUSED_FUNCTION = YES;
				GCC_WARN_UNUSED_VARIABLE = YES;
				IPHONEOS_DEPLOYMENT_TARGET = 18.2;
				LOCALIZATION_PREFERS_STRING_CATALOGS = YES;
				MTL_ENABLE_DEBUG_INFO = NO;
				MTL_FAST_MATH = YES;
				SDKROOT = iphoneos;
				SWIFT_COMPILATION_MODE = wholemodule;
				VALIDATE_PRODUCT = YES;
			};
			name = Release;
		};
		AF17E50D2DB9D7F30009DDCA /* Debug */ = {
			isa = XCBuildConfiguration;
			buildSettings = {
				ASSETCATALOG_COMPILER_APPICON_NAME = AppIcon;
				ASSETCATALOG_COMPILER_GLOBAL_ACCENT_COLOR_NAME = AccentColor;
				CODE_SIGN_STYLE = Automatic;
				CURRENT_PROJECT_VERSION = 1;
				DEVELOPMENT_ASSET_PATHS = "\"AcessivelSoma/Preview Content\"";
				ENABLE_PREVIEWS = YES;
				GENERATE_INFOPLIST_FILE = YES;
				INFOPLIST_KEY_UIApplicationSceneManifest_Generation = YES;
				INFOPLIST_KEY_UIApplicationSupportsIndirectInputEvents = YES;
				INFOPLIST_KEY_UILaunchScreen_Generation = YES;
				INFOPLIST_KEY_UISupportedInterfaceOrientations_iPad = "UIInterfaceOrientationPortrait UIInterfaceOrientationPortraitUpsideDown UIInterfaceOrientationLandscapeLeft UIInterfaceOrientationLandscapeRight";
				INFOPLIST_KEY_UISupportedInterfaceOrientations_iPhone = "UIInterfaceOrientationPortrait UIInterfaceOrientationLandscapeLeft UIInterfaceOrientationLandscapeRight";
				LD_RUNPATH_SEARCH_PATHS = (
					"$(inherited)",
					"@executable_path/Frameworks",
				);
				MARKETING_VERSION = 1.0;
				PRODUCT_BUNDLE_IDENTIFIER = MVM.AcessivelSoma;
				PRODUCT_NAME = "$(TARGET_NAME)";
				SWIFT_EMIT_LOC_STRINGS = YES;
				SWIFT_VERSION = 5.0;
				TARGETED_DEVICE_FAMILY = "1,2";
			};
			name = Debug;
		};
		AF17E50E2DB9D7F30009DDCA /* Release */ = {
			isa = XCBuildConfiguration;
			buildSettings = {
				ASSETCATALOG_COMPILER_APPICON_NAME = AppIcon;
				ASSETCATALOG_COMPILER_GLOBAL_ACCENT_COLOR_NAME = AccentColor;
				CODE_SIGN_STYLE = Automatic;
				CURRENT_PROJECT_VERSION = 1;
				DEVELOPMENT_ASSET_PATHS = "\"AcessivelSoma/Preview Content\"";
				ENABLE_PREVIEWS = YES;
				GENERATE_INFOPLIST_FILE = YES;
				INFOPLIST_KEY_UIApplicationSceneManifest_Generation = YES;
				INFOPLIST_KEY_UIApplicationSupportsIndirectInputEvents = YES;
				INFOPLIST_KEY_UILaunchScreen_Generation = YES;
				INFOPLIST_KEY_UISupportedInterfaceOrientations_iPad = "UIInterfaceOrientationPortrait UIInterfaceOrientationPortraitUpsideDown UIInterfaceOrientationLandscapeLeft UIInterfaceOrientationLandscapeRight";
				INFOPLIST_KEY_UISupportedInterfaceOrientations_iPhone = "UIInterfaceOrientationPortrait UIInterfaceOrientationLandscapeLeft UIInterfaceOrientationLandscapeRight";
				LD_RUNPATH_SEARCH_PATHS = (
					"$(inherited)",
					"@executable_path/Frameworks",
				);
				MARKETING_VERSION = 1.0;
				PRODUCT_BUNDLE_IDENTIFIER = MVM.AcessivelSoma;
				PRODUCT_NAME = "$(TARGET_NAME)";
				SWIFT_EMIT_LOC_STRINGS = YES;
				SWIFT_VERSION = 5.0;
				TARGETED_DEVICE_FAMILY = "1,2";
			};
			name = Release;
		};
		AF17E5102DB9D7F30009DDCA /* Debug */ = {
			isa = XCBuildConfiguration;
			buildSettings = {
				BUNDLE_LOADER = "$(TEST_HOST)";
				CODE_SIGN_STYLE = Automatic;
				CURRENT_PROJECT_VERSION = 1;
				GENERATE_INFOPLIST_FILE = YES;
				IPHONEOS_DEPLOYMENT_TARGET = 18.2;
				MARKETING_VERSION = 1.0;
				PRODUCT_BUNDLE_IDENTIFIER = MVM.AcessivelSomaTests;
				PRODUCT_NAME = "$(TARGET_NAME)";
				SWIFT_EMIT_LOC_STRINGS = NO;
				SWIFT_VERSION = 5.0;
				TARGETED_DEVICE_FAMILY = "1,2";
				TEST_HOST = "$(BUILT_PRODUCTS_DIR)/AcessivelSoma.app/$(BUNDLE_EXECUTABLE_FOLDER_PATH)/AcessivelSoma";
			};
			name = Debug;
		};
		AF17E5112DB9D7F30009DDCA /* Release */ = {
			isa = XCBuildConfiguration;
			buildSettings = {
				BUNDLE_LOADER = "$(TEST_HOST)";
				CODE_SIGN_STYLE = Automatic;
				CURRENT_PROJECT_VERSION = 1;
				GENERATE_INFOPLIST_FILE = YES;
				IPHONEOS_DEPLOYMENT_TARGET = 18.2;
				MARKETING_VERSION = 1.0;
				PRODUCT_BUNDLE_IDENTIFIER = MVM.AcessivelSomaTests;
				PRODUCT_NAME = "$(TARGET_NAME)";
				SWIFT_EMIT_LOC_STRINGS = NO;
				SWIFT_VERSION = 5.0;
				TARGETED_DEVICE_FAMILY = "1,2";
				TEST_HOST = "$(BUILT_PRODUCTS_DIR)/AcessivelSoma.app/$(BUNDLE_EXECUTABLE_FOLDER_PATH)/AcessivelSoma";
			};
			name = Release;
		};
		AF17E5132DB9D7F30009DDCA /* Debug */ = {
			isa = XCBuildConfiguration;
			buildSettings = {
				CODE_SIGN_STYLE = Automatic;
				CURRENT_PROJECT_VERSION = 1;
				GENERATE_INFOPLIST_FILE = YES;
				MARKETING_VERSION = 1.0;
				PRODUCT_BUNDLE_IDENTIFIER = MVM.AcessivelSomaUITests;
				PRODUCT_NAME = "$(TARGET_NAME)";
				SWIFT_EMIT_LOC_STRINGS = NO;
				SWIFT_VERSION = 5.0;
				TARGETED_DEVICE_FAMILY = "1,2";
				TEST_TARGET_NAME = AcessivelSoma;
			};
			name = Debug;
		};
		AF17E5142DB9D7F30009DDCA /* Release */ = {
			isa = XCBuildConfiguration;
			buildSettings = {
				CODE_SIGN_STYLE = Automatic;
				CURRENT_PROJECT_VERSION = 1;
				GENERATE_INFOPLIST_FILE = YES;
				MARKETING_VERSION = 1.0;
				PRODUCT_BUNDLE_IDENTIFIER = MVM.AcessivelSomaUITests;
				PRODUCT_NAME = "$(TARGET_NAME)";
				SWIFT_EMIT_LOC_STRINGS = NO;
				SWIFT_VERSION = 5.0;
				TARGETED_DEVICE_FAMILY = "1,2";
				TEST_TARGET_NAME = AcessivelSoma;
			};
			name = Release;
		};
/* End XCBuildConfiguration section */

/* Begin XCConfigurationList section */
		AF17E4E32DB9D7F00009DDCA /* Build configuration list for PBXProject "AcessivelSoma" */ = {
			isa = XCConfigurationList;
			buildConfigurations = (
				AF17E50A2DB9D7F30009DDCA /* Debug */,
				AF17E50B2DB9D7F30009DDCA /* Release */,
			);
			defaultConfigurationIsVisible = 0;
			defaultConfigurationName = Release;
		};
		AF17E50C2DB9D7F30009DDCA /* Build configuration list for PBXNativeTarget "AcessivelSoma" */ = {
			isa = XCConfigurationList;
			buildConfigurations = (
				AF17E50D2DB9D7F30009DDCA /* Debug */,
				AF17E50E2DB9D7F30009DDCA /* Release */,
			);
			defaultConfigurationIsVisible = 0;
			defaultConfigurationName = Release;
		};
		AF17E50F2DB9D7F30009DDCA /* Build configuration list for PBXNativeTarget "AcessivelSomaTests" */ = {
			isa = XCConfigurationList;
			buildConfigurations = (
				AF17E5102DB9D7F30009DDCA /* Debug */,
				AF17E5112DB9D7F30009DDCA /* Release */,
			);
			defaultConfigurationIsVisible = 0;
			defaultConfigurationName = Release;
		};
		AF17E5122DB9D7F30009DDCA /* Build configuration list for PBXNativeTarget "AcessivelSomaUITests" */ = {
			isa = XCConfigurationList;
			buildConfigurations = (
				AF17E5132DB9D7F30009DDCA /* Debug */,
				AF17E5142DB9D7F30009DDCA /* Release */,
			);
			defaultConfigurationIsVisible = 0;
			defaultConfigurationName = Release;
		};
/* End XCConfigurationList section */
	};
	rootObject = AF17E4E02DB9D7F00009DDCA /* Project object */;
}
